{
  "name": "extension",
  "lockfileVersion": 3,
  "requires": true,
  "packages": {
    "": {
      "dependencies": {
        "textrank": "^1.0.5"
      }
    },
    "node_modules/textrank": {
      "version": "1.0.5",
      "resolved": "https://registry.npmjs.org/textrank/-/textrank-1.0.5.tgz",
      "integrity": "sha512-6dFKbvrBoX5Co7BPkBGmx53aIkpW7/uT3FHuXJMWUG/3IfmTfiXnli3S1HPl7Xl2/6Q9PB/ObysgVQKbtj5iLg=="
    }
  }
}
